
Microsoft Visual Studio Solution File, Format Version 12.00
# Visual Studio Version 17
VisualStudioVersion = 17.0.31903.59
MinimumVisualStudioVersion = 10.0.40219.1
Project("{FAE04EC0-301F-11D3-BF4B-00C04F79EFBC}") = "Timeline", "Timeline\Timeline.csproj", "{C4FA7A51-0AE4-4A30-9BF8-77B86E8E9256}"
EndProject
Project("{FAE04EC0-301F-11D3-BF4B-00C04F79EFBC}") = "Timeline.JSON", "Timeline.JSON\Timeline.JSON.csproj", "{73C297C1-2C4C-4B5D-980A-74D90C1BBF12}"
EndProject
Project("{FAE04EC0-301F-11D3-BF4B-00C04F79EFBC}") = "Timeline.Test", "Timeline.Test\Timeline.Test.csproj", "{2D5F2203-A9A7-4AF7-9760-5B6D9E994BB8}"
EndProject
Global
	GlobalSection(SolutionConfigurationPlatforms) = preSolution
		Debug|Any CPU = Debug|Any CPU
		Release|Any CPU = Release|Any CPU
	EndGlobalSection
	GlobalSection(SolutionProperties) = preSolution
		HideSolutionNode = FALSE
	EndGlobalSection
	GlobalSection(ProjectConfigurationPlatforms) = postSolution
		{C4FA7A51-0AE4-4A30-9BF8-77B86E8E9256}.Debug|Any CPU.ActiveCfg = Debug|Any CPU
		{C4FA7A51-0AE4-4A30-9BF8-77B86E8E9256}.Debug|Any CPU.Build.0 = Debug|Any CPU
		{C4FA7A51-0AE4-4A30-9BF8-77B86E8E9256}.Release|Any CPU.ActiveCfg = Release|Any CPU
		{C4FA7A51-0AE4-4A30-9BF8-77B86E8E9256}.Release|Any CPU.Build.0 = Release|Any CPU
		{73C297C1-2C4C-4B5D-980A-74D90C1BBF12}.Debug|Any CPU.ActiveCfg = Debug|Any CPU
		{73C297C1-2C4C-4B5D-980A-74D90C1BBF12}.Debug|Any CPU.Build.0 = Debug|Any CPU
		{73C297C1-2C4C-4B5D-980A-74D90C1BBF12}.Release|Any CPU.ActiveCfg = Release|Any CPU
		{73C297C1-2C4C-4B5D-980A-74D90C1BBF12}.Release|Any CPU.Build.0 = Release|Any CPU
		{2D5F2203-A9A7-4AF7-9760-5B6D9E994BB8}.Debug|Any CPU.ActiveCfg = Debug|Any CPU
		{2D5F2203-A9A7-4AF7-9760-5B6D9E994BB8}.Debug|Any CPU.Build.0 = Debug|Any CPU
		{2D5F2203-A9A7-4AF7-9760-5B6D9E994BB8}.Release|Any CPU.ActiveCfg = Release|Any CPU
		{2D5F2203-A9A7-4AF7-9760-5B6D9E994BB8}.Release|Any CPU.Build.0 = Release|Any CPU
	EndGlobalSection
EndGlobal
